
Microsoft Visual Studio Solution File, Format Version 12.00
# Visual Studio 2013
VisualStudioVersion = 12.0.40629.0
MinimumVisualStudioVersion = 10.0.40219.1
Project("{FAE04EC0-301F-11D3-BF4B-00C04F79EFBC}") = "Web.Waterloo", "WebApplication1\Web.Waterloo.csproj", "{761DD33D-EF11-434D-87A8-4C2C0CED7297}"
EndProject
Project("{FAE04EC0-301F-11D3-BF4B-00C04F79EFBC}") = "Web.Waterloo.Tests", "Web.Waterloo.Tests\Web.Waterloo.Tests.csproj", "{686230B3-7780-4CFE-8AE4-E66A0208BA4B}"
EndProject
Global
	GlobalSection(SolutionConfigurationPlatforms) = preSolution
		Debug|Any CPU = Debug|Any CPU
		Release|Any CPU = Release|Any CPU
	EndGlobalSection
	GlobalSection(ProjectConfigurationPlatforms) = postSolution
		{761DD33D-EF11-434D-87A8-4C2C0CED7297}.Debug|Any CPU.ActiveCfg = Debug|Any CPU
		{761DD33D-EF11-434D-87A8-4C2C0CED7297}.Debug|Any CPU.Build.0 = Debug|Any CPU
		{761DD33D-EF11-434D-87A8-4C2C0CED7297}.Release|Any CPU.ActiveCfg = Release|Any CPU
		{761DD33D-EF11-434D-87A8-4C2C0CED7297}.Release|Any CPU.Build.0 = Release|Any CPU
		{686230B3-7780-4CFE-8AE4-E66A0208BA4B}.Debug|Any CPU.ActiveCfg = Debug|Any CPU
		{686230B3-7780-4CFE-8AE4-E66A0208BA4B}.Debug|Any CPU.Build.0 = Debug|Any CPU
		{686230B3-7780-4CFE-8AE4-E66A0208BA4B}.Release|Any CPU.ActiveCfg = Release|Any CPU
		{686230B3-7780-4CFE-8AE4-E66A0208BA4B}.Release|Any CPU.Build.0 = Release|Any CPU
	EndGlobalSection
	GlobalSection(SolutionProperties) = preSolution
		HideSolutionNode = FALSE
	EndGlobalSection
EndGlobal
